
Microsoft Visual Studio Solution File, Format Version 12.00
# Visual Studio 2012
Project("{D954291E-2A0B-460D-934E-DC6B0785DB48}") = "MasterDetailLearning", "MasterDetailLearning\MasterDetailLearning.shproj", "{C62A3439-5D93-429C-B67D-70EB45037BA0}"
EndProject
Project("{FAE04EC0-301F-11D3-BF4B-00C04F79EFBC}") = "MasterDetailLearning.iOS", "iOS\MasterDetailLearning.iOS.csproj", "{A587A955-5717-47D9-9B1E-A19CCA2C4E13}"
EndProject
Project("{FAE04EC0-301F-11D3-BF4B-00C04F79EFBC}") = "MasterDetailLearning.Droid", "Droid\MasterDetailLearning.Droid.csproj", "{5424C06F-9A2C-4D85-B6BF-64DA7EB45C5F}"
EndProject
Global
	GlobalSection(SolutionConfigurationPlatforms) = preSolution
		Debug|iPhoneSimulator = Debug|iPhoneSimulator
		Release|iPhone = Release|iPhone
		Release|iPhoneSimulator = Release|iPhoneSimulator
		Debug|iPhone = Debug|iPhone
		Debug|Any CPU = Debug|Any CPU
		Release|Any CPU = Release|Any CPU
	EndGlobalSection
	GlobalSection(ProjectConfigurationPlatforms) = postSolution
		{A587A955-5717-47D9-9B1E-A19CCA2C4E13}.Debug|iPhoneSimulator.ActiveCfg = Debug|iPhoneSimulator
		{A587A955-5717-47D9-9B1E-A19CCA2C4E13}.Debug|iPhoneSimulator.Build.0 = Debug|iPhoneSimulator
		{A587A955-5717-47D9-9B1E-A19CCA2C4E13}.Release|iPhone.ActiveCfg = Release|iPhone
		{A587A955-5717-47D9-9B1E-A19CCA2C4E13}.Release|iPhone.Build.0 = Release|iPhone
		{A587A955-5717-47D9-9B1E-A19CCA2C4E13}.Release|iPhoneSimulator.ActiveCfg = Release|iPhoneSimulator
		{A587A955-5717-47D9-9B1E-A19CCA2C4E13}.Release|iPhoneSimulator.Build.0 = Release|iPhoneSimulator
		{A587A955-5717-47D9-9B1E-A19CCA2C4E13}.Debug|iPhone.ActiveCfg = Debug|iPhone
		{A587A955-5717-47D9-9B1E-A19CCA2C4E13}.Debug|iPhone.Build.0 = Debug|iPhone
		{A587A955-5717-47D9-9B1E-A19CCA2C4E13}.Debug|Any CPU.ActiveCfg = Debug|iPhoneSimulator
		{A587A955-5717-47D9-9B1E-A19CCA2C4E13}.Debug|Any CPU.Build.0 = Debug|iPhoneSimulator
		{A587A955-5717-47D9-9B1E-A19CCA2C4E13}.Release|Any CPU.ActiveCfg = Release|iPhone
		{A587A955-5717-47D9-9B1E-A19CCA2C4E13}.Release|Any CPU.Build.0 = Release|iPhone
		{5424C06F-9A2C-4D85-B6BF-64DA7EB45C5F}.Debug|iPhoneSimulator.ActiveCfg = Debug|Any CPU
		{5424C06F-9A2C-4D85-B6BF-64DA7EB45C5F}.Debug|iPhoneSimulator.Build.0 = Debug|Any CPU
		{5424C06F-9A2C-4D85-B6BF-64DA7EB45C5F}.Release|iPhone.ActiveCfg = Release|Any CPU
		{5424C06F-9A2C-4D85-B6BF-64DA7EB45C5F}.Release|iPhone.Build.0 = Release|Any CPU
		{5424C06F-9A2C-4D85-B6BF-64DA7EB45C5F}.Release|iPhoneSimulator.ActiveCfg = Release|Any CPU
		{5424C06F-9A2C-4D85-B6BF-64DA7EB45C5F}.Release|iPhoneSimulator.Build.0 = Release|Any CPU
		{5424C06F-9A2C-4D85-B6BF-64DA7EB45C5F}.Debug|iPhone.ActiveCfg = Debug|Any CPU
		{5424C06F-9A2C-4D85-B6BF-64DA7EB45C5F}.Debug|iPhone.Build.0 = Debug|Any CPU
		{5424C06F-9A2C-4D85-B6BF-64DA7EB45C5F}.Debug|Any CPU.ActiveCfg = Debug|Any CPU
		{5424C06F-9A2C-4D85-B6BF-64DA7EB45C5F}.Debug|Any CPU.Build.0 = Debug|Any CPU
		{5424C06F-9A2C-4D85-B6BF-64DA7EB45C5F}.Release|Any CPU.ActiveCfg = Release|Any CPU
		{5424C06F-9A2C-4D85-B6BF-64DA7EB45C5F}.Release|Any CPU.Build.0 = Release|Any CPU
	EndGlobalSection
EndGlobal
